
Microsoft Visual Studio Solution File, Format Version 12.00
# Visual Studio Version 17
VisualStudioVersion = 17.11.35327.3
MinimumVisualStudioVersion = 10.0.40219.1
Project("{2150E333-8FDC-42A3-9474-1A3956D46DE8}") = "Services", "Services", "{61641513-B79D-4B18-AFE6-F8B0AEF5A65E}"
EndProject
Project("{2150E333-8FDC-42A3-9474-1A3956D46DE8}") = "Catalog", "Catalog", "{B41135B1-FAE2-4023-83AF-B30DD34DFBC7}"
EndProject
Project("{9A19103F-16F7-4668-BE54-9A1E7A4F7556}") = "Catalog.API", "src\Services\Catalog\Catalog.API\Catalog.API.csproj", "{5D69479B-D992-401A-9E01-E4DFE08A5DE2}"
EndProject
Project("{2150E333-8FDC-42A3-9474-1A3956D46DE8}") = "BuildingBlocks", "BuildingBlocks", "{630BF2C5-1B9B-4E79-B92C-1F1C0D55B9F1}"
EndProject
Project("{9A19103F-16F7-4668-BE54-9A1E7A4F7556}") = "BuildingBlocks", "src\BuildingBlocks\BuildingBlocks\BuildingBlocks.csproj", "{0BBA5AAF-56EB-47BD-8EF8-103A3B3C5672}"
EndProject
Project("{E53339B2-1760-4266-BCC7-CA923CBCF16C}") = "docker-compose", "docker-compose.dcproj", "{D065FDE3-A8CD-4F7D-B6F8-8A7666088DB7}"
EndProject
Project("{2150E333-8FDC-42A3-9474-1A3956D46DE8}") = "Basket", "Basket", "{84F99AED-E0E6-4202-9259-E8EFD98B1DCE}"
EndProject
Project("{FAE04EC0-301F-11D3-BF4B-00C04F79EFBC}") = "Basket.API", "src\Services\Basket\Basket.API\Basket.API.csproj", "{F1AE1EBF-0AC6-468D-A1BF-5EF9EA6459DD}"
EndProject
Global
	GlobalSection(SolutionConfigurationPlatforms) = preSolution
		Debug|Any CPU = Debug|Any CPU
		Release|Any CPU = Release|Any CPU
	EndGlobalSection
	GlobalSection(ProjectConfigurationPlatforms) = postSolution
		{5D69479B-D992-401A-9E01-E4DFE08A5DE2}.Debug|Any CPU.ActiveCfg = Debug|Any CPU
		{5D69479B-D992-401A-9E01-E4DFE08A5DE2}.Debug|Any CPU.Build.0 = Debug|Any CPU
		{5D69479B-D992-401A-9E01-E4DFE08A5DE2}.Release|Any CPU.ActiveCfg = Release|Any CPU
		{5D69479B-D992-401A-9E01-E4DFE08A5DE2}.Release|Any CPU.Build.0 = Release|Any CPU
		{0BBA5AAF-56EB-47BD-8EF8-103A3B3C5672}.Debug|Any CPU.ActiveCfg = Debug|Any CPU
		{0BBA5AAF-56EB-47BD-8EF8-103A3B3C5672}.Debug|Any CPU.Build.0 = Debug|Any CPU
		{0BBA5AAF-56EB-47BD-8EF8-103A3B3C5672}.Release|Any CPU.ActiveCfg = Release|Any CPU
		{0BBA5AAF-56EB-47BD-8EF8-103A3B3C5672}.Release|Any CPU.Build.0 = Release|Any CPU
		{D065FDE3-A8CD-4F7D-B6F8-8A7666088DB7}.Debug|Any CPU.ActiveCfg = Debug|Any CPU
		{D065FDE3-A8CD-4F7D-B6F8-8A7666088DB7}.Debug|Any CPU.Build.0 = Debug|Any CPU
		{D065FDE3-A8CD-4F7D-B6F8-8A7666088DB7}.Release|Any CPU.ActiveCfg = Release|Any CPU
		{D065FDE3-A8CD-4F7D-B6F8-8A7666088DB7}.Release|Any CPU.Build.0 = Release|Any CPU
		{F1AE1EBF-0AC6-468D-A1BF-5EF9EA6459DD}.Debug|Any CPU.ActiveCfg = Debug|Any CPU
		{F1AE1EBF-0AC6-468D-A1BF-5EF9EA6459DD}.Debug|Any CPU.Build.0 = Debug|Any CPU
		{F1AE1EBF-0AC6-468D-A1BF-5EF9EA6459DD}.Release|Any CPU.ActiveCfg = Release|Any CPU
		{F1AE1EBF-0AC6-468D-A1BF-5EF9EA6459DD}.Release|Any CPU.Build.0 = Release|Any CPU
	EndGlobalSection
	GlobalSection(SolutionProperties) = preSolution
		HideSolutionNode = FALSE
	EndGlobalSection
	GlobalSection(NestedProjects) = preSolution
		{B41135B1-FAE2-4023-83AF-B30DD34DFBC7} = {61641513-B79D-4B18-AFE6-F8B0AEF5A65E}
		{5D69479B-D992-401A-9E01-E4DFE08A5DE2} = {B41135B1-FAE2-4023-83AF-B30DD34DFBC7}
		{0BBA5AAF-56EB-47BD-8EF8-103A3B3C5672} = {630BF2C5-1B9B-4E79-B92C-1F1C0D55B9F1}
		{84F99AED-E0E6-4202-9259-E8EFD98B1DCE} = {61641513-B79D-4B18-AFE6-F8B0AEF5A65E}
		{F1AE1EBF-0AC6-468D-A1BF-5EF9EA6459DD} = {84F99AED-E0E6-4202-9259-E8EFD98B1DCE}
	EndGlobalSection
	GlobalSection(ExtensibilityGlobals) = postSolution
		SolutionGuid = {3D5438E4-7AB6-4337-999A-C94438E59750}
	EndGlobalSection
EndGlobal
